
Microsoft Visual Studio Solution File, Format Version 12.00
# Visual Studio Version 17
VisualStudioVersion = 17.5.002.0
MinimumVisualStudioVersion = 10.0.40219.1
Project("{9A19103F-16F7-4668-BE54-9A1E7A4F7556}") = "NinetiesTV", "NinetiesTV.csproj", "{A7D1AEA1-4BB3-4173-8EA2-3FE200D603A2}"
EndProject
Global
	GlobalSection(SolutionConfigurationPlatforms) = preSolution
		Debug|Any CPU = Debug|Any CPU
		Release|Any CPU = Release|Any CPU
	EndGlobalSection
	GlobalSection(ProjectConfigurationPlatforms) = postSolution
		{A7D1AEA1-4BB3-4173-8EA2-3FE200D603A2}.Debug|Any CPU.ActiveCfg = Debug|Any CPU
		{A7D1AEA1-4BB3-4173-8EA2-3FE200D603A2}.Debug|Any CPU.Build.0 = Debug|Any CPU
		{A7D1AEA1-4BB3-4173-8EA2-3FE200D603A2}.Release|Any CPU.ActiveCfg = Release|Any CPU
		{A7D1AEA1-4BB3-4173-8EA2-3FE200D603A2}.Release|Any CPU.Build.0 = Release|Any CPU
	EndGlobalSection
	GlobalSection(SolutionProperties) = preSolution
		HideSolutionNode = FALSE
	EndGlobalSection
	GlobalSection(ExtensibilityGlobals) = postSolution
		SolutionGuid = {2415CBCF-C7B3-4DA4-BA56-F1A4E931BC1F}
	EndGlobalSection
EndGlobal
